
Microsoft Visual Studio Solution File, Format Version 12.00
# Visual Studio Version 16
VisualStudioVersion = 16.0.30114.105
MinimumVisualStudioVersion = 10.0.40219.1
Project("{9A19103F-16F7-4668-BE54-9A1E7A4F7556}") = "API", "Api\API.csproj", "{918D32DC-D3A8-4065-9098-C67EF59668D6}"
EndProject
Project("{9A19103F-16F7-4668-BE54-9A1E7A4F7556}") = "API.dto", "API.dto\API.dto.csproj", "{0A118BC1-245F-4580-A766-476179C88989}"
EndProject
Project("{9A19103F-16F7-4668-BE54-9A1E7A4F7556}") = "Application", "Application\Application.csproj", "{7ADDC1ED-3D3B-400A-BA36-BBE6A5DD7F88}"
EndProject
Project("{9A19103F-16F7-4668-BE54-9A1E7A4F7556}") = "Domain", "Domain\Domain.csproj", "{9B267276-373E-4545-9106-B80CAE82B3D9}"
EndProject
Project("{9A19103F-16F7-4668-BE54-9A1E7A4F7556}") = "Infrastructure", "Infrastructure\Infrastructure.csproj", "{14EF3FB9-8675-41FC-A3B4-3D98FA4FA805}"
EndProject
Global
	GlobalSection(SolutionConfigurationPlatforms) = preSolution
		Debug|Any CPU = Debug|Any CPU
		Release|Any CPU = Release|Any CPU
	EndGlobalSection
	GlobalSection(ProjectConfigurationPlatforms) = postSolution
		{918D32DC-D3A8-4065-9098-C67EF59668D6}.Debug|Any CPU.ActiveCfg = Debug|Any CPU
		{918D32DC-D3A8-4065-9098-C67EF59668D6}.Debug|Any CPU.Build.0 = Debug|Any CPU
		{918D32DC-D3A8-4065-9098-C67EF59668D6}.Release|Any CPU.ActiveCfg = Release|Any CPU
		{918D32DC-D3A8-4065-9098-C67EF59668D6}.Release|Any CPU.Build.0 = Release|Any CPU
		{0A118BC1-245F-4580-A766-476179C88989}.Debug|Any CPU.ActiveCfg = Debug|Any CPU
		{0A118BC1-245F-4580-A766-476179C88989}.Debug|Any CPU.Build.0 = Debug|Any CPU
		{0A118BC1-245F-4580-A766-476179C88989}.Release|Any CPU.ActiveCfg = Release|Any CPU
		{0A118BC1-245F-4580-A766-476179C88989}.Release|Any CPU.Build.0 = Release|Any CPU
		{7ADDC1ED-3D3B-400A-BA36-BBE6A5DD7F88}.Debug|Any CPU.ActiveCfg = Debug|Any CPU
		{7ADDC1ED-3D3B-400A-BA36-BBE6A5DD7F88}.Debug|Any CPU.Build.0 = Debug|Any CPU
		{7ADDC1ED-3D3B-400A-BA36-BBE6A5DD7F88}.Release|Any CPU.ActiveCfg = Release|Any CPU
		{7ADDC1ED-3D3B-400A-BA36-BBE6A5DD7F88}.Release|Any CPU.Build.0 = Release|Any CPU
		{9B267276-373E-4545-9106-B80CAE82B3D9}.Debug|Any CPU.ActiveCfg = Debug|Any CPU
		{9B267276-373E-4545-9106-B80CAE82B3D9}.Debug|Any CPU.Build.0 = Debug|Any CPU
		{9B267276-373E-4545-9106-B80CAE82B3D9}.Release|Any CPU.ActiveCfg = Release|Any CPU
		{9B267276-373E-4545-9106-B80CAE82B3D9}.Release|Any CPU.Build.0 = Release|Any CPU
		{14EF3FB9-8675-41FC-A3B4-3D98FA4FA805}.Debug|Any CPU.ActiveCfg = Debug|Any CPU
		{14EF3FB9-8675-41FC-A3B4-3D98FA4FA805}.Debug|Any CPU.Build.0 = Debug|Any CPU
		{14EF3FB9-8675-41FC-A3B4-3D98FA4FA805}.Release|Any CPU.ActiveCfg = Release|Any CPU
		{14EF3FB9-8675-41FC-A3B4-3D98FA4FA805}.Release|Any CPU.Build.0 = Release|Any CPU
	EndGlobalSection
	GlobalSection(SolutionProperties) = preSolution
		HideSolutionNode = FALSE
	EndGlobalSection
	GlobalSection(ExtensibilityGlobals) = postSolution
		SolutionGuid = {CA720B8C-9743-42E0-AC7B-BFFA06ADFAAA}
	EndGlobalSection
EndGlobal
